
Microsoft Visual Studio Solution File, Format Version 12.00
# Visual Studio 2013
VisualStudioVersion = 12.0.21005.1
MinimumVisualStudioVersion = 10.0.40219.1
Project("{8BC9CEB8-8B4A-11D0-8D11-00A0C91BC942}") = "MaxPayne3", "src\MaxPayne3.vcxproj", "{6727A06D-86D2-4D81-B0E6-0D9FE0733636}"
EndProject
Global
	GlobalSection(SolutionConfigurationPlatforms) = preSolution
		Debug|PS3 = Debug|PS3
		Release|PS3 = Release|PS3
	EndGlobalSection
	GlobalSection(ProjectConfigurationPlatforms) = postSolution
		{6727A06D-86D2-4D81-B0E6-0D9FE0733636}.Debug|PS3.ActiveCfg = Debug|PS3
		{6727A06D-86D2-4D81-B0E6-0D9FE0733636}.Debug|PS3.Build.0 = Debug|PS3
		{6727A06D-86D2-4D81-B0E6-0D9FE0733636}.Release|PS3.ActiveCfg = Release|PS3
		{6727A06D-86D2-4D81-B0E6-0D9FE0733636}.Release|PS3.Build.0 = Release|PS3
	EndGlobalSection
	GlobalSection(SolutionProperties) = preSolution
		HideSolutionNode = FALSE
	EndGlobalSection
EndGlobal
